
Microsoft Visual Studio Solution File, Format Version 12.00
# Visual Studio Version 16
VisualStudioVersion = 16.0.31624.102
MinimumVisualStudioVersion = 10.0.40219.1
Project("{FAE04EC0-301F-11D3-BF4B-00C04F79EFBC}") = "lessonCargo", "lessonCargo\lessonCargo.csproj", "{9964460A-83FC-41D7-8EFB-67EE0D122F7B}"
EndProject
Global
	GlobalSection(SolutionConfigurationPlatforms) = preSolution
		Debug|Any CPU = Debug|Any CPU
		Release|Any CPU = Release|Any CPU
	EndGlobalSection
	GlobalSection(ProjectConfigurationPlatforms) = postSolution
		{9964460A-83FC-41D7-8EFB-67EE0D122F7B}.Debug|Any CPU.ActiveCfg = Debug|Any CPU
		{9964460A-83FC-41D7-8EFB-67EE0D122F7B}.Debug|Any CPU.Build.0 = Debug|Any CPU
		{9964460A-83FC-41D7-8EFB-67EE0D122F7B}.Release|Any CPU.ActiveCfg = Release|Any CPU
		{9964460A-83FC-41D7-8EFB-67EE0D122F7B}.Release|Any CPU.Build.0 = Release|Any CPU
	EndGlobalSection
	GlobalSection(SolutionProperties) = preSolution
		HideSolutionNode = FALSE
	EndGlobalSection
	GlobalSection(ExtensibilityGlobals) = postSolution
		SolutionGuid = {C5050F23-5974-4EC5-B16B-8FB7780E6A75}
	EndGlobalSection
EndGlobal
