
Microsoft Visual Studio Solution File, Format Version 12.00
# Visual Studio Version 16
VisualStudioVersion = 16.0.31624.102
MinimumVisualStudioVersion = 10.0.40219.1
Project("{FAE04EC0-301F-11D3-BF4B-00C04F79EFBC}") = "kargo_takip", "kargo_takip\kargo_takip.csproj", "{BC09BD44-45E8-419B-BC04-3F735B26926C}"
EndProject
Global
	GlobalSection(SolutionConfigurationPlatforms) = preSolution
		Debug|Any CPU = Debug|Any CPU
		Release|Any CPU = Release|Any CPU
	EndGlobalSection
	GlobalSection(ProjectConfigurationPlatforms) = postSolution
		{BC09BD44-45E8-419B-BC04-3F735B26926C}.Debug|Any CPU.ActiveCfg = Debug|Any CPU
		{BC09BD44-45E8-419B-BC04-3F735B26926C}.Debug|Any CPU.Build.0 = Debug|Any CPU
		{BC09BD44-45E8-419B-BC04-3F735B26926C}.Release|Any CPU.ActiveCfg = Release|Any CPU
		{BC09BD44-45E8-419B-BC04-3F735B26926C}.Release|Any CPU.Build.0 = Release|Any CPU
	EndGlobalSection
	GlobalSection(SolutionProperties) = preSolution
		HideSolutionNode = FALSE
	EndGlobalSection
	GlobalSection(ExtensibilityGlobals) = postSolution
		SolutionGuid = {EA464AD6-AB98-4CEC-AF8C-4467146BE911}
	EndGlobalSection
EndGlobal
